
Microsoft Visual Studio Solution File, Format Version 12.00
# Visual Studio Version 16
VisualStudioVersion = 16.0.30011.22
MinimumVisualStudioVersion = 10.0.40219.1
Project("{8BC9CEB8-8B4A-11D0-8D11-00A0C91BC942}") = "EchoServer", "EchoServer\EchoServer.vcxproj", "{777987A7-87BB-4CF6-BA7E-EB5A65CA77C0}"
EndProject
Global
	GlobalSection(SolutionConfigurationPlatforms) = preSolution
		Debug|x64 = Debug|x64
		Debug|x86 = Debug|x86
		Release|x64 = Release|x64
		Release|x86 = Release|x86
	EndGlobalSection
	GlobalSection(ProjectConfigurationPlatforms) = postSolution
		{777987A7-87BB-4CF6-BA7E-EB5A65CA77C0}.Debug|x64.ActiveCfg = Debug|x64
		{777987A7-87BB-4CF6-BA7E-EB5A65CA77C0}.Debug|x64.Build.0 = Debug|x64
		{777987A7-87BB-4CF6-BA7E-EB5A65CA77C0}.Debug|x86.ActiveCfg = Debug|Win32
		{777987A7-87BB-4CF6-BA7E-EB5A65CA77C0}.Debug|x86.Build.0 = Debug|Win32
		{777987A7-87BB-4CF6-BA7E-EB5A65CA77C0}.Release|x64.ActiveCfg = Release|x64
		{777987A7-87BB-4CF6-BA7E-EB5A65CA77C0}.Release|x64.Build.0 = Release|x64
		{777987A7-87BB-4CF6-BA7E-EB5A65CA77C0}.Release|x86.ActiveCfg = Release|Win32
		{777987A7-87BB-4CF6-BA7E-EB5A65CA77C0}.Release|x86.Build.0 = Release|Win32
	EndGlobalSection
	GlobalSection(SolutionProperties) = preSolution
		HideSolutionNode = FALSE
	EndGlobalSection
	GlobalSection(ExtensibilityGlobals) = postSolution
		SolutionGuid = {1870F893-1667-4F66-B294-990923B78E9A}
	EndGlobalSection
EndGlobal
